
Microsoft Visual Studio Solution File, Format Version 12.00
# Visual Studio 2013
VisualStudioVersion = 12.0.21005.1
MinimumVisualStudioVersion = 10.0.40219.1
Project("{FAE04EC0-301F-11D3-BF4B-00C04F79EFBC}") = "CartesianCoordinateSystem", "CartesianCoordinateSystem\CartesianCoordinateSystem.csproj", "{ADE779F5-1689-4950-9C91-CAF83E31026E}"
EndProject
Project("{FAE04EC0-301F-11D3-BF4B-00C04F79EFBC}") = "Tribonacci", "Tribonacci\Tribonacci.csproj", "{B16AA921-0F92-4621-95E3-92B6BC7BE96C}"
EndProject
Project("{FAE04EC0-301F-11D3-BF4B-00C04F79EFBC}") = "SandGlass", "SandGlass\SandGlass.csproj", "{A3B71355-97C0-4FDA-A611-ED02069E5890}"
EndProject
Project("{FAE04EC0-301F-11D3-BF4B-00C04F79EFBC}") = "Bits", "Bits\Bits.csproj", "{71532D20-F334-407F-9D94-75DE1404E9B9}"
EndProject
Project("{FAE04EC0-301F-11D3-BF4B-00C04F79EFBC}") = "BoxInBox", "BoxInBox\BoxInBox.csproj", "{33BA6D72-1BD3-4801-8EC1-B6D2306C08FB}"
EndProject
Project("{FAE04EC0-301F-11D3-BF4B-00C04F79EFBC}") = "Cinema", "Cinema\Cinema.csproj", "{AFDBF7F8-F43C-4CB1-B081-E8F0B9DF2C4E}"
EndProject
Project("{FAE04EC0-301F-11D3-BF4B-00C04F79EFBC}") = "Illuminati", "Illuminati\Illuminati.csproj", "{FD9D0865-956B-4140-98F4-EAB2129B5353}"
EndProject
Project("{FAE04EC0-301F-11D3-BF4B-00C04F79EFBC}") = "NewHouse", "NewHouse\NewHouse.csproj", "{36260E88-FA8B-4CB3-9F1A-2A9F401C3062}"
EndProject
Project("{FAE04EC0-301F-11D3-BF4B-00C04F79EFBC}") = "CrossingSequences", "CrossingSequences\CrossingSequences.csproj", "{7D27E42C-4D5B-4595-B21C-5392569EB64A}"
EndProject
Project("{FAE04EC0-301F-11D3-BF4B-00C04F79EFBC}") = "TicTacToePower", "TicTacToePower\TicTacToePower.csproj", "{0D615FC3-B596-410D-9DB9-36BA5284E18D}"
EndProject
Project("{FAE04EC0-301F-11D3-BF4B-00C04F79EFBC}") = "Tables", "Tables\Tables.csproj", "{68F18012-F8D6-4A54-98CC-8EE8E0629E28}"
EndProject
Project("{FAE04EC0-301F-11D3-BF4B-00C04F79EFBC}") = "Electricity", "Electricity\Electricity.csproj", "{4F5A84E4-3ECD-4123-9EDF-4B22DA9D5BF0}"
EndProject
Project("{FAE04EC0-301F-11D3-BF4B-00C04F79EFBC}") = "InsideTheBuilding", "InsideTheBuilding\InsideTheBuilding.csproj", "{08D163FA-92BA-4D64-9C10-FCF2CAAD4C1F}"
EndProject
Project("{FAE04EC0-301F-11D3-BF4B-00C04F79EFBC}") = "StudentCables", "StudentCables\StudentCables.csproj", "{2F1D0ADB-4E83-4AF6-8E00-3FD88F1FB845}"
EndProject
Project("{FAE04EC0-301F-11D3-BF4B-00C04F79EFBC}") = "ProgrammerDNA", "ProgrammerDNA\ProgrammerDNA.csproj", "{6EBAAB63-E0E7-4184-B0F8-EF40391DABDD}"
EndProject
Project("{FAE04EC0-301F-11D3-BF4B-00C04F79EFBC}") = "MagicCarNumbers", "MagicCarNumbers\MagicCarNumbers.csproj", "{F7AE0DF6-7D2E-4902-909C-5D7715AB6B8C}"
EndProject
Project("{FAE04EC0-301F-11D3-BF4B-00C04F79EFBC}") = "BitFlipper", "BitFlipper\BitFlipper.csproj", "{73189ECC-8405-4E3F-A84B-9D708848F91A}"
EndProject
Project("{FAE04EC0-301F-11D3-BF4B-00C04F79EFBC}") = "FruitMarket", "FruitMarket\FruitMarket.csproj", "{652A6F02-28C9-4E14-BB47-C1D7B3946216}"
EndProject
Project("{FAE04EC0-301F-11D3-BF4B-00C04F79EFBC}") = "BiggestTriple", "BiggestTriple\BiggestTriple.csproj", "{FF8407A6-367C-4C01-9512-B024649E28FA}"
EndProject
Project("{FAE04EC0-301F-11D3-BF4B-00C04F79EFBC}") = "WineGlass", "WineGlass\WineGlass.csproj", "{BA546300-2C75-4993-AFA8-596479CBC960}"
EndProject
Project("{FAE04EC0-301F-11D3-BF4B-00C04F79EFBC}") = "LongestAlphabeticalWord", "LongestAlphabeticalWord\LongestAlphabeticalWord.csproj", "{F95D18DC-9F5D-4564-AD86-B6188BB9CB0C}"
EndProject
Project("{FAE04EC0-301F-11D3-BF4B-00C04F79EFBC}") = "ExamSchedule", "ExamSchedule\ExamSchedule.csproj", "{B7F00AAB-0123-4D00-B294-DCFD3EDDF759}"
EndProject
Project("{FAE04EC0-301F-11D3-BF4B-00C04F79EFBC}") = "OddEvenElements", "OddEvenElements\OddEvenElements.csproj", "{E4B0B142-A60A-436D-BA98-F6AA661E39F1}"
EndProject
Project("{FAE04EC0-301F-11D3-BF4B-00C04F79EFBC}") = "Arrow", "Arrow\Arrow.csproj", "{D2FD35E7-4C33-421D-98BA-5FA372EE86B1}"
EndProject
Project("{FAE04EC0-301F-11D3-BF4B-00C04F79EFBC}") = "FiveSpecialLetters", "FiveSpecialLetters\FiveSpecialLetters.csproj", "{BC86C3E2-1757-4112-AC9F-6251481D3497}"
EndProject
Project("{FAE04EC0-301F-11D3-BF4B-00C04F79EFBC}") = "Triangle", "Triangle\Triangle.csproj", "{AAC015E1-C75A-4A35-BBBE-0546EA0280C5}"
EndProject
Project("{FAE04EC0-301F-11D3-BF4B-00C04F79EFBC}") = "House", "House\House.csproj", "{19CA90CA-104E-4D55-BD08-375AB8D090B7}"
EndProject
Project("{FAE04EC0-301F-11D3-BF4B-00C04F79EFBC}") = "TheExplorer", "TheExplorer\TheExplorer.csproj", "{42352E77-C2F8-46B4-A7A3-DBF815D9A497}"
EndProject
Project("{FAE04EC0-301F-11D3-BF4B-00C04F79EFBC}") = "Eclipse", "Eclipse\Eclipse.csproj", "{88045077-D77C-409C-AB09-0F5F0702B627}"
EndProject
Project("{FAE04EC0-301F-11D3-BF4B-00C04F79EFBC}") = "Sunglasses", "Sunglasses\Sunglasses.csproj", "{14BFB10D-A0EA-4A63-B759-F30D34C3B575}"
EndProject
Project("{FAE04EC0-301F-11D3-BF4B-00C04F79EFBC}") = "Disk", "Disk\Disk.csproj", "{DA117EED-4DB6-4A29-997C-2ECEB5440AB5}"
EndProject
Project("{FAE04EC0-301F-11D3-BF4B-00C04F79EFBC}") = "PandaScotlandFlag", "PandaScotlandFlag\PandaScotlandFlag.csproj", "{A994B8F3-6556-458B-8B99-69B5B649FB2E}"
EndProject
Project("{FAE04EC0-301F-11D3-BF4B-00C04F79EFBC}") = "HouseWithWindow", "HouseWithWindow\HouseWithWindow.csproj", "{2D67E7C7-317B-41C3-9D06-1C990CB88F72}"
EndProject
Project("{FAE04EC0-301F-11D3-BF4B-00C04F79EFBC}") = "Car", "Car\Car.csproj", "{37A25866-CF6F-418B-BCB4-EC1CA55065E0}"
EndProject
Project("{FAE04EC0-301F-11D3-BF4B-00C04F79EFBC}") = "Star", "Star\Star.csproj", "{CF45D0FE-7C08-4858-90CF-705DEF09998E}"
EndProject
Project("{FAE04EC0-301F-11D3-BF4B-00C04F79EFBC}") = "JoroTheFootballPlayer", "JoroTheFootballPlayer\JoroTheFootballPlayer.csproj", "{7CB9A235-9AEB-40BD-848A-134CE718813C}"
EndProject
Project("{FAE04EC0-301F-11D3-BF4B-00C04F79EFBC}") = "Volleyball", "Volleyball\Volleyball.csproj", "{78179DA6-60CA-489A-A53A-59F99BD025E1}"
EndProject
Project("{FAE04EC0-301F-11D3-BF4B-00C04F79EFBC}") = "WorkHours", "WorkHours\WorkHours.csproj", "{47D75099-284A-44E5-BFA3-117AD87AF994}"
EndProject
Project("{FAE04EC0-301F-11D3-BF4B-00C04F79EFBC}") = "JumpingSums", "JumpingSums\JumpingSums.csproj", "{CCE467C5-C8DE-4D4B-B19E-CB5062CB7796}"
EndProject
Project("{FAE04EC0-301F-11D3-BF4B-00C04F79EFBC}") = "BookOrder", "BookOrder\BookOrder.csproj", "{4E9E2C2A-39A5-44A9-A2AF-FDBDC695C32D}"
EndProject
Project("{FAE04EC0-301F-11D3-BF4B-00C04F79EFBC}") = "OddAndEvenJumps", "OddAndEvenJumps\OddAndEvenJumps.csproj", "{1FE9DCCC-A756-48E5-AA7F-507F83B4904C}"
EndProject
Project("{FAE04EC0-301F-11D3-BF4B-00C04F79EFBC}") = "SequenceOfKNumbers", "SequenceOfKNumbers\SequenceOfKNumbers.csproj", "{52DC5334-49DA-439E-A3F2-679FF68879CD}"
EndProject
Project("{FAE04EC0-301F-11D3-BF4B-00C04F79EFBC}") = "HalfSum", "HalfSum\HalfSum.csproj", "{16081F7C-F29B-41D0-9159-831B7888CF50}"
EndProject
Project("{FAE04EC0-301F-11D3-BF4B-00C04F79EFBC}") = "OddEvenSum", "OddEvenSum\OddEvenSum.csproj", "{A3F56678-B023-4134-B6EC-D0FA2897006E}"
EndProject
Project("{FAE04EC0-301F-11D3-BF4B-00C04F79EFBC}") = "SumOfElements", "SumOfElements\SumOfElements.csproj", "{98ABEBDB-D586-4B8D-9AB2-660471502681}"
EndProject
Project("{FAE04EC0-301F-11D3-BF4B-00C04F79EFBC}") = "Pairs", "Pairs\Pairs.csproj", "{116AF54E-BD93-4A5F-8D28-E5D1324829B0}"
EndProject
Project("{FAE04EC0-301F-11D3-BF4B-00C04F79EFBC}") = "XBits", "XBits\XBits.csproj", "{2E8F5236-5339-41D7-BBFB-BF49E2A4184B}"
EndProject
Project("{FAE04EC0-301F-11D3-BF4B-00C04F79EFBC}") = "DoubleDowns", "DoubleDowns\DoubleDowns.csproj", "{F56F4654-9850-4AE3-8B5E-B876FAC5116D}"
EndProject
Project("{FAE04EC0-301F-11D3-BF4B-00C04F79EFBC}") = "ChangeEvenBits", "ChangeEvenBits\ChangeEvenBits.csproj", "{3F89E305-4E09-4924-B14B-0FC45BEB7A51}"
EndProject
Global
	GlobalSection(SolutionConfigurationPlatforms) = preSolution
		Debug|Any CPU = Debug|Any CPU
		Release|Any CPU = Release|Any CPU
	EndGlobalSection
	GlobalSection(ProjectConfigurationPlatforms) = postSolution
		{ADE779F5-1689-4950-9C91-CAF83E31026E}.Debug|Any CPU.ActiveCfg = Debug|Any CPU
		{ADE779F5-1689-4950-9C91-CAF83E31026E}.Debug|Any CPU.Build.0 = Debug|Any CPU
		{ADE779F5-1689-4950-9C91-CAF83E31026E}.Release|Any CPU.ActiveCfg = Release|Any CPU
		{ADE779F5-1689-4950-9C91-CAF83E31026E}.Release|Any CPU.Build.0 = Release|Any CPU
		{B16AA921-0F92-4621-95E3-92B6BC7BE96C}.Debug|Any CPU.ActiveCfg = Debug|Any CPU
		{B16AA921-0F92-4621-95E3-92B6BC7BE96C}.Debug|Any CPU.Build.0 = Debug|Any CPU
		{B16AA921-0F92-4621-95E3-92B6BC7BE96C}.Release|Any CPU.ActiveCfg = Release|Any CPU
		{B16AA921-0F92-4621-95E3-92B6BC7BE96C}.Release|Any CPU.Build.0 = Release|Any CPU
		{A3B71355-97C0-4FDA-A611-ED02069E5890}.Debug|Any CPU.ActiveCfg = Debug|Any CPU
		{A3B71355-97C0-4FDA-A611-ED02069E5890}.Debug|Any CPU.Build.0 = Debug|Any CPU
		{A3B71355-97C0-4FDA-A611-ED02069E5890}.Release|Any CPU.ActiveCfg = Release|Any CPU
		{A3B71355-97C0-4FDA-A611-ED02069E5890}.Release|Any CPU.Build.0 = Release|Any CPU
		{71532D20-F334-407F-9D94-75DE1404E9B9}.Debug|Any CPU.ActiveCfg = Debug|Any CPU
		{71532D20-F334-407F-9D94-75DE1404E9B9}.Debug|Any CPU.Build.0 = Debug|Any CPU
		{71532D20-F334-407F-9D94-75DE1404E9B9}.Release|Any CPU.ActiveCfg = Release|Any CPU
		{71532D20-F334-407F-9D94-75DE1404E9B9}.Release|Any CPU.Build.0 = Release|Any CPU
		{33BA6D72-1BD3-4801-8EC1-B6D2306C08FB}.Debug|Any CPU.ActiveCfg = Debug|Any CPU
		{33BA6D72-1BD3-4801-8EC1-B6D2306C08FB}.Debug|Any CPU.Build.0 = Debug|Any CPU
		{33BA6D72-1BD3-4801-8EC1-B6D2306C08FB}.Release|Any CPU.ActiveCfg = Release|Any CPU
		{33BA6D72-1BD3-4801-8EC1-B6D2306C08FB}.Release|Any CPU.Build.0 = Release|Any CPU
		{AFDBF7F8-F43C-4CB1-B081-E8F0B9DF2C4E}.Debug|Any CPU.ActiveCfg = Debug|Any CPU
		{AFDBF7F8-F43C-4CB1-B081-E8F0B9DF2C4E}.Debug|Any CPU.Build.0 = Debug|Any CPU
		{AFDBF7F8-F43C-4CB1-B081-E8F0B9DF2C4E}.Release|Any CPU.ActiveCfg = Release|Any CPU
		{AFDBF7F8-F43C-4CB1-B081-E8F0B9DF2C4E}.Release|Any CPU.Build.0 = Release|Any CPU
		{FD9D0865-956B-4140-98F4-EAB2129B5353}.Debug|Any CPU.ActiveCfg = Debug|Any CPU
		{FD9D0865-956B-4140-98F4-EAB2129B5353}.Debug|Any CPU.Build.0 = Debug|Any CPU
		{FD9D0865-956B-4140-98F4-EAB2129B5353}.Release|Any CPU.ActiveCfg = Release|Any CPU
		{FD9D0865-956B-4140-98F4-EAB2129B5353}.Release|Any CPU.Build.0 = Release|Any CPU
		{36260E88-FA8B-4CB3-9F1A-2A9F401C3062}.Debug|Any CPU.ActiveCfg = Debug|Any CPU
		{36260E88-FA8B-4CB3-9F1A-2A9F401C3062}.Debug|Any CPU.Build.0 = Debug|Any CPU
		{36260E88-FA8B-4CB3-9F1A-2A9F401C3062}.Release|Any CPU.ActiveCfg = Release|Any CPU
		{36260E88-FA8B-4CB3-9F1A-2A9F401C3062}.Release|Any CPU.Build.0 = Release|Any CPU
		{7D27E42C-4D5B-4595-B21C-5392569EB64A}.Debug|Any CPU.ActiveCfg = Debug|Any CPU
		{7D27E42C-4D5B-4595-B21C-5392569EB64A}.Debug|Any CPU.Build.0 = Debug|Any CPU
		{7D27E42C-4D5B-4595-B21C-5392569EB64A}.Release|Any CPU.ActiveCfg = Release|Any CPU
		{7D27E42C-4D5B-4595-B21C-5392569EB64A}.Release|Any CPU.Build.0 = Release|Any CPU
		{0D615FC3-B596-410D-9DB9-36BA5284E18D}.Debug|Any CPU.ActiveCfg = Debug|Any CPU
		{0D615FC3-B596-410D-9DB9-36BA5284E18D}.Debug|Any CPU.Build.0 = Debug|Any CPU
		{0D615FC3-B596-410D-9DB9-36BA5284E18D}.Release|Any CPU.ActiveCfg = Release|Any CPU
		{0D615FC3-B596-410D-9DB9-36BA5284E18D}.Release|Any CPU.Build.0 = Release|Any CPU
		{68F18012-F8D6-4A54-98CC-8EE8E0629E28}.Debug|Any CPU.ActiveCfg = Debug|Any CPU
		{68F18012-F8D6-4A54-98CC-8EE8E0629E28}.Debug|Any CPU.Build.0 = Debug|Any CPU
		{68F18012-F8D6-4A54-98CC-8EE8E0629E28}.Release|Any CPU.ActiveCfg = Release|Any CPU
		{68F18012-F8D6-4A54-98CC-8EE8E0629E28}.Release|Any CPU.Build.0 = Release|Any CPU
		{4F5A84E4-3ECD-4123-9EDF-4B22DA9D5BF0}.Debug|Any CPU.ActiveCfg = Debug|Any CPU
		{4F5A84E4-3ECD-4123-9EDF-4B22DA9D5BF0}.Debug|Any CPU.Build.0 = Debug|Any CPU
		{4F5A84E4-3ECD-4123-9EDF-4B22DA9D5BF0}.Release|Any CPU.ActiveCfg = Release|Any CPU
		{4F5A84E4-3ECD-4123-9EDF-4B22DA9D5BF0}.Release|Any CPU.Build.0 = Release|Any CPU
		{08D163FA-92BA-4D64-9C10-FCF2CAAD4C1F}.Debug|Any CPU.ActiveCfg = Debug|Any CPU
		{08D163FA-92BA-4D64-9C10-FCF2CAAD4C1F}.Debug|Any CPU.Build.0 = Debug|Any CPU
		{08D163FA-92BA-4D64-9C10-FCF2CAAD4C1F}.Release|Any CPU.ActiveCfg = Release|Any CPU
		{08D163FA-92BA-4D64-9C10-FCF2CAAD4C1F}.Release|Any CPU.Build.0 = Release|Any CPU
		{2F1D0ADB-4E83-4AF6-8E00-3FD88F1FB845}.Debug|Any CPU.ActiveCfg = Debug|Any CPU
		{2F1D0ADB-4E83-4AF6-8E00-3FD88F1FB845}.Debug|Any CPU.Build.0 = Debug|Any CPU
		{2F1D0ADB-4E83-4AF6-8E00-3FD88F1FB845}.Release|Any CPU.ActiveCfg = Release|Any CPU
		{2F1D0ADB-4E83-4AF6-8E00-3FD88F1FB845}.Release|Any CPU.Build.0 = Release|Any CPU
		{6EBAAB63-E0E7-4184-B0F8-EF40391DABDD}.Debug|Any CPU.ActiveCfg = Debug|Any CPU
		{6EBAAB63-E0E7-4184-B0F8-EF40391DABDD}.Debug|Any CPU.Build.0 = Debug|Any CPU
		{6EBAAB63-E0E7-4184-B0F8-EF40391DABDD}.Release|Any CPU.ActiveCfg = Release|Any CPU
		{6EBAAB63-E0E7-4184-B0F8-EF40391DABDD}.Release|Any CPU.Build.0 = Release|Any CPU
		{F7AE0DF6-7D2E-4902-909C-5D7715AB6B8C}.Debug|Any CPU.ActiveCfg = Debug|Any CPU
		{F7AE0DF6-7D2E-4902-909C-5D7715AB6B8C}.Debug|Any CPU.Build.0 = Debug|Any CPU
		{F7AE0DF6-7D2E-4902-909C-5D7715AB6B8C}.Release|Any CPU.ActiveCfg = Release|Any CPU
		{F7AE0DF6-7D2E-4902-909C-5D7715AB6B8C}.Release|Any CPU.Build.0 = Release|Any CPU
		{73189ECC-8405-4E3F-A84B-9D708848F91A}.Debug|Any CPU.ActiveCfg = Debug|Any CPU
		{73189ECC-8405-4E3F-A84B-9D708848F91A}.Debug|Any CPU.Build.0 = Debug|Any CPU
		{73189ECC-8405-4E3F-A84B-9D708848F91A}.Release|Any CPU.ActiveCfg = Release|Any CPU
		{73189ECC-8405-4E3F-A84B-9D708848F91A}.Release|Any CPU.Build.0 = Release|Any CPU
		{652A6F02-28C9-4E14-BB47-C1D7B3946216}.Debug|Any CPU.ActiveCfg = Debug|Any CPU
		{652A6F02-28C9-4E14-BB47-C1D7B3946216}.Debug|Any CPU.Build.0 = Debug|Any CPU
		{652A6F02-28C9-4E14-BB47-C1D7B3946216}.Release|Any CPU.ActiveCfg = Release|Any CPU
		{652A6F02-28C9-4E14-BB47-C1D7B3946216}.Release|Any CPU.Build.0 = Release|Any CPU
		{FF8407A6-367C-4C01-9512-B024649E28FA}.Debug|Any CPU.ActiveCfg = Debug|Any CPU
		{FF8407A6-367C-4C01-9512-B024649E28FA}.Debug|Any CPU.Build.0 = Debug|Any CPU
		{FF8407A6-367C-4C01-9512-B024649E28FA}.Release|Any CPU.ActiveCfg = Release|Any CPU
		{FF8407A6-367C-4C01-9512-B024649E28FA}.Release|Any CPU.Build.0 = Release|Any CPU
		{BA546300-2C75-4993-AFA8-596479CBC960}.Debug|Any CPU.ActiveCfg = Debug|Any CPU
		{BA546300-2C75-4993-AFA8-596479CBC960}.Debug|Any CPU.Build.0 = Debug|Any CPU
		{BA546300-2C75-4993-AFA8-596479CBC960}.Release|Any CPU.ActiveCfg = Release|Any CPU
		{BA546300-2C75-4993-AFA8-596479CBC960}.Release|Any CPU.Build.0 = Release|Any CPU
		{F95D18DC-9F5D-4564-AD86-B6188BB9CB0C}.Debug|Any CPU.ActiveCfg = Debug|Any CPU
		{F95D18DC-9F5D-4564-AD86-B6188BB9CB0C}.Debug|Any CPU.Build.0 = Debug|Any CPU
		{F95D18DC-9F5D-4564-AD86-B6188BB9CB0C}.Release|Any CPU.ActiveCfg = Release|Any CPU
		{F95D18DC-9F5D-4564-AD86-B6188BB9CB0C}.Release|Any CPU.Build.0 = Release|Any CPU
		{B7F00AAB-0123-4D00-B294-DCFD3EDDF759}.Debug|Any CPU.ActiveCfg = Debug|Any CPU
		{B7F00AAB-0123-4D00-B294-DCFD3EDDF759}.Debug|Any CPU.Build.0 = Debug|Any CPU
		{B7F00AAB-0123-4D00-B294-DCFD3EDDF759}.Release|Any CPU.ActiveCfg = Release|Any CPU
		{B7F00AAB-0123-4D00-B294-DCFD3EDDF759}.Release|Any CPU.Build.0 = Release|Any CPU
		{E4B0B142-A60A-436D-BA98-F6AA661E39F1}.Debug|Any CPU.ActiveCfg = Debug|Any CPU
		{E4B0B142-A60A-436D-BA98-F6AA661E39F1}.Debug|Any CPU.Build.0 = Debug|Any CPU
		{E4B0B142-A60A-436D-BA98-F6AA661E39F1}.Release|Any CPU.ActiveCfg = Release|Any CPU
		{E4B0B142-A60A-436D-BA98-F6AA661E39F1}.Release|Any CPU.Build.0 = Release|Any CPU
		{D2FD35E7-4C33-421D-98BA-5FA372EE86B1}.Debug|Any CPU.ActiveCfg = Debug|Any CPU
		{D2FD35E7-4C33-421D-98BA-5FA372EE86B1}.Debug|Any CPU.Build.0 = Debug|Any CPU
		{D2FD35E7-4C33-421D-98BA-5FA372EE86B1}.Release|Any CPU.ActiveCfg = Release|Any CPU
		{D2FD35E7-4C33-421D-98BA-5FA372EE86B1}.Release|Any CPU.Build.0 = Release|Any CPU
		{BC86C3E2-1757-4112-AC9F-6251481D3497}.Debug|Any CPU.ActiveCfg = Debug|Any CPU
		{BC86C3E2-1757-4112-AC9F-6251481D3497}.Debug|Any CPU.Build.0 = Debug|Any CPU
		{BC86C3E2-1757-4112-AC9F-6251481D3497}.Release|Any CPU.ActiveCfg = Release|Any CPU
		{BC86C3E2-1757-4112-AC9F-6251481D3497}.Release|Any CPU.Build.0 = Release|Any CPU
		{AAC015E1-C75A-4A35-BBBE-0546EA0280C5}.Debug|Any CPU.ActiveCfg = Debug|Any CPU
		{AAC015E1-C75A-4A35-BBBE-0546EA0280C5}.Debug|Any CPU.Build.0 = Debug|Any CPU
		{AAC015E1-C75A-4A35-BBBE-0546EA0280C5}.Release|Any CPU.ActiveCfg = Release|Any CPU
		{AAC015E1-C75A-4A35-BBBE-0546EA0280C5}.Release|Any CPU.Build.0 = Release|Any CPU
		{19CA90CA-104E-4D55-BD08-375AB8D090B7}.Debug|Any CPU.ActiveCfg = Debug|Any CPU
		{19CA90CA-104E-4D55-BD08-375AB8D090B7}.Debug|Any CPU.Build.0 = Debug|Any CPU
		{19CA90CA-104E-4D55-BD08-375AB8D090B7}.Release|Any CPU.ActiveCfg = Release|Any CPU
		{19CA90CA-104E-4D55-BD08-375AB8D090B7}.Release|Any CPU.Build.0 = Release|Any CPU
		{42352E77-C2F8-46B4-A7A3-DBF815D9A497}.Debug|Any CPU.ActiveCfg = Debug|Any CPU
		{42352E77-C2F8-46B4-A7A3-DBF815D9A497}.Debug|Any CPU.Build.0 = Debug|Any CPU
		{42352E77-C2F8-46B4-A7A3-DBF815D9A497}.Release|Any CPU.ActiveCfg = Release|Any CPU
		{42352E77-C2F8-46B4-A7A3-DBF815D9A497}.Release|Any CPU.Build.0 = Release|Any CPU
		{88045077-D77C-409C-AB09-0F5F0702B627}.Debug|Any CPU.ActiveCfg = Debug|Any CPU
		{88045077-D77C-409C-AB09-0F5F0702B627}.Debug|Any CPU.Build.0 = Debug|Any CPU
		{88045077-D77C-409C-AB09-0F5F0702B627}.Release|Any CPU.ActiveCfg = Release|Any CPU
		{88045077-D77C-409C-AB09-0F5F0702B627}.Release|Any CPU.Build.0 = Release|Any CPU
		{14BFB10D-A0EA-4A63-B759-F30D34C3B575}.Debug|Any CPU.ActiveCfg = Debug|Any CPU
		{14BFB10D-A0EA-4A63-B759-F30D34C3B575}.Debug|Any CPU.Build.0 = Debug|Any CPU
		{14BFB10D-A0EA-4A63-B759-F30D34C3B575}.Release|Any CPU.ActiveCfg = Release|Any CPU
		{14BFB10D-A0EA-4A63-B759-F30D34C3B575}.Release|Any CPU.Build.0 = Release|Any CPU
		{DA117EED-4DB6-4A29-997C-2ECEB5440AB5}.Debug|Any CPU.ActiveCfg = Debug|Any CPU
		{DA117EED-4DB6-4A29-997C-2ECEB5440AB5}.Debug|Any CPU.Build.0 = Debug|Any CPU
		{DA117EED-4DB6-4A29-997C-2ECEB5440AB5}.Release|Any CPU.ActiveCfg = Release|Any CPU
		{DA117EED-4DB6-4A29-997C-2ECEB5440AB5}.Release|Any CPU.Build.0 = Release|Any CPU
		{A994B8F3-6556-458B-8B99-69B5B649FB2E}.Debug|Any CPU.ActiveCfg = Debug|Any CPU
		{A994B8F3-6556-458B-8B99-69B5B649FB2E}.Debug|Any CPU.Build.0 = Debug|Any CPU
		{A994B8F3-6556-458B-8B99-69B5B649FB2E}.Release|Any CPU.ActiveCfg = Release|Any CPU
		{A994B8F3-6556-458B-8B99-69B5B649FB2E}.Release|Any CPU.Build.0 = Release|Any CPU
		{2D67E7C7-317B-41C3-9D06-1C990CB88F72}.Debug|Any CPU.ActiveCfg = Debug|Any CPU
		{2D67E7C7-317B-41C3-9D06-1C990CB88F72}.Debug|Any CPU.Build.0 = Debug|Any CPU
		{2D67E7C7-317B-41C3-9D06-1C990CB88F72}.Release|Any CPU.ActiveCfg = Release|Any CPU
		{2D67E7C7-317B-41C3-9D06-1C990CB88F72}.Release|Any CPU.Build.0 = Release|Any CPU
		{37A25866-CF6F-418B-BCB4-EC1CA55065E0}.Debug|Any CPU.ActiveCfg = Debug|Any CPU
		{37A25866-CF6F-418B-BCB4-EC1CA55065E0}.Debug|Any CPU.Build.0 = Debug|Any CPU
		{37A25866-CF6F-418B-BCB4-EC1CA55065E0}.Release|Any CPU.ActiveCfg = Release|Any CPU
		{37A25866-CF6F-418B-BCB4-EC1CA55065E0}.Release|Any CPU.Build.0 = Release|Any CPU
		{CF45D0FE-7C08-4858-90CF-705DEF09998E}.Debug|Any CPU.ActiveCfg = Debug|Any CPU
		{CF45D0FE-7C08-4858-90CF-705DEF09998E}.Debug|Any CPU.Build.0 = Debug|Any CPU
		{CF45D0FE-7C08-4858-90CF-705DEF09998E}.Release|Any CPU.ActiveCfg = Release|Any CPU
		{CF45D0FE-7C08-4858-90CF-705DEF09998E}.Release|Any CPU.Build.0 = Release|Any CPU
		{7CB9A235-9AEB-40BD-848A-134CE718813C}.Debug|Any CPU.ActiveCfg = Debug|Any CPU
		{7CB9A235-9AEB-40BD-848A-134CE718813C}.Debug|Any CPU.Build.0 = Debug|Any CPU
		{7CB9A235-9AEB-40BD-848A-134CE718813C}.Release|Any CPU.ActiveCfg = Release|Any CPU
		{7CB9A235-9AEB-40BD-848A-134CE718813C}.Release|Any CPU.Build.0 = Release|Any CPU
		{78179DA6-60CA-489A-A53A-59F99BD025E1}.Debug|Any CPU.ActiveCfg = Debug|Any CPU
		{78179DA6-60CA-489A-A53A-59F99BD025E1}.Debug|Any CPU.Build.0 = Debug|Any CPU
		{78179DA6-60CA-489A-A53A-59F99BD025E1}.Release|Any CPU.ActiveCfg = Release|Any CPU
		{78179DA6-60CA-489A-A53A-59F99BD025E1}.Release|Any CPU.Build.0 = Release|Any CPU
		{47D75099-284A-44E5-BFA3-117AD87AF994}.Debug|Any CPU.ActiveCfg = Debug|Any CPU
		{47D75099-284A-44E5-BFA3-117AD87AF994}.Debug|Any CPU.Build.0 = Debug|Any CPU
		{47D75099-284A-44E5-BFA3-117AD87AF994}.Release|Any CPU.ActiveCfg = Release|Any CPU
		{47D75099-284A-44E5-BFA3-117AD87AF994}.Release|Any CPU.Build.0 = Release|Any CPU
		{CCE467C5-C8DE-4D4B-B19E-CB5062CB7796}.Debug|Any CPU.ActiveCfg = Debug|Any CPU
		{CCE467C5-C8DE-4D4B-B19E-CB5062CB7796}.Debug|Any CPU.Build.0 = Debug|Any CPU
		{CCE467C5-C8DE-4D4B-B19E-CB5062CB7796}.Release|Any CPU.ActiveCfg = Release|Any CPU
		{CCE467C5-C8DE-4D4B-B19E-CB5062CB7796}.Release|Any CPU.Build.0 = Release|Any CPU
		{4E9E2C2A-39A5-44A9-A2AF-FDBDC695C32D}.Debug|Any CPU.ActiveCfg = Debug|Any CPU
		{4E9E2C2A-39A5-44A9-A2AF-FDBDC695C32D}.Debug|Any CPU.Build.0 = Debug|Any CPU
		{4E9E2C2A-39A5-44A9-A2AF-FDBDC695C32D}.Release|Any CPU.ActiveCfg = Release|Any CPU
		{4E9E2C2A-39A5-44A9-A2AF-FDBDC695C32D}.Release|Any CPU.Build.0 = Release|Any CPU
		{1FE9DCCC-A756-48E5-AA7F-507F83B4904C}.Debug|Any CPU.ActiveCfg = Debug|Any CPU
		{1FE9DCCC-A756-48E5-AA7F-507F83B4904C}.Debug|Any CPU.Build.0 = Debug|Any CPU
		{1FE9DCCC-A756-48E5-AA7F-507F83B4904C}.Release|Any CPU.ActiveCfg = Release|Any CPU
		{1FE9DCCC-A756-48E5-AA7F-507F83B4904C}.Release|Any CPU.Build.0 = Release|Any CPU
		{52DC5334-49DA-439E-A3F2-679FF68879CD}.Debug|Any CPU.ActiveCfg = Debug|Any CPU
		{52DC5334-49DA-439E-A3F2-679FF68879CD}.Debug|Any CPU.Build.0 = Debug|Any CPU
		{52DC5334-49DA-439E-A3F2-679FF68879CD}.Release|Any CPU.ActiveCfg = Release|Any CPU
		{52DC5334-49DA-439E-A3F2-679FF68879CD}.Release|Any CPU.Build.0 = Release|Any CPU
		{16081F7C-F29B-41D0-9159-831B7888CF50}.Debug|Any CPU.ActiveCfg = Debug|Any CPU
		{16081F7C-F29B-41D0-9159-831B7888CF50}.Debug|Any CPU.Build.0 = Debug|Any CPU
		{16081F7C-F29B-41D0-9159-831B7888CF50}.Release|Any CPU.ActiveCfg = Release|Any CPU
		{16081F7C-F29B-41D0-9159-831B7888CF50}.Release|Any CPU.Build.0 = Release|Any CPU
		{A3F56678-B023-4134-B6EC-D0FA2897006E}.Debug|Any CPU.ActiveCfg = Debug|Any CPU
		{A3F56678-B023-4134-B6EC-D0FA2897006E}.Debug|Any CPU.Build.0 = Debug|Any CPU
		{A3F56678-B023-4134-B6EC-D0FA2897006E}.Release|Any CPU.ActiveCfg = Release|Any CPU
		{A3F56678-B023-4134-B6EC-D0FA2897006E}.Release|Any CPU.Build.0 = Release|Any CPU
		{98ABEBDB-D586-4B8D-9AB2-660471502681}.Debug|Any CPU.ActiveCfg = Debug|Any CPU
		{98ABEBDB-D586-4B8D-9AB2-660471502681}.Debug|Any CPU.Build.0 = Debug|Any CPU
		{98ABEBDB-D586-4B8D-9AB2-660471502681}.Release|Any CPU.ActiveCfg = Release|Any CPU
		{98ABEBDB-D586-4B8D-9AB2-660471502681}.Release|Any CPU.Build.0 = Release|Any CPU
		{116AF54E-BD93-4A5F-8D28-E5D1324829B0}.Debug|Any CPU.ActiveCfg = Debug|Any CPU
		{116AF54E-BD93-4A5F-8D28-E5D1324829B0}.Debug|Any CPU.Build.0 = Debug|Any CPU
		{116AF54E-BD93-4A5F-8D28-E5D1324829B0}.Release|Any CPU.ActiveCfg = Release|Any CPU
		{116AF54E-BD93-4A5F-8D28-E5D1324829B0}.Release|Any CPU.Build.0 = Release|Any CPU
		{2E8F5236-5339-41D7-BBFB-BF49E2A4184B}.Debug|Any CPU.ActiveCfg = Debug|Any CPU
		{2E8F5236-5339-41D7-BBFB-BF49E2A4184B}.Debug|Any CPU.Build.0 = Debug|Any CPU
		{2E8F5236-5339-41D7-BBFB-BF49E2A4184B}.Release|Any CPU.ActiveCfg = Release|Any CPU
		{2E8F5236-5339-41D7-BBFB-BF49E2A4184B}.Release|Any CPU.Build.0 = Release|Any CPU
		{F56F4654-9850-4AE3-8B5E-B876FAC5116D}.Debug|Any CPU.ActiveCfg = Debug|Any CPU
		{F56F4654-9850-4AE3-8B5E-B876FAC5116D}.Debug|Any CPU.Build.0 = Debug|Any CPU
		{F56F4654-9850-4AE3-8B5E-B876FAC5116D}.Release|Any CPU.ActiveCfg = Release|Any CPU
		{F56F4654-9850-4AE3-8B5E-B876FAC5116D}.Release|Any CPU.Build.0 = Release|Any CPU
		{3F89E305-4E09-4924-B14B-0FC45BEB7A51}.Debug|Any CPU.ActiveCfg = Debug|Any CPU
		{3F89E305-4E09-4924-B14B-0FC45BEB7A51}.Debug|Any CPU.Build.0 = Debug|Any CPU
		{3F89E305-4E09-4924-B14B-0FC45BEB7A51}.Release|Any CPU.ActiveCfg = Release|Any CPU
		{3F89E305-4E09-4924-B14B-0FC45BEB7A51}.Release|Any CPU.Build.0 = Release|Any CPU
	EndGlobalSection
	GlobalSection(SolutionProperties) = preSolution
		HideSolutionNode = FALSE
	EndGlobalSection
EndGlobal
